
Microsoft Visual Studio Solution File, Format Version 12.00
# Visual Studio Version 17
VisualStudioVersion = 17.0.32014.148
MinimumVisualStudioVersion = 10.0.40219.1
Project("{9A19103F-16F7-4668-BE54-9A1E7A4F7556}") = "ItemGenerator", "ItemGenerator\ItemGenerator.csproj", "{743BFCA6-5681-4B1E-B58A-F59742B88A4C}"
EndProject
Project("{9A19103F-16F7-4668-BE54-9A1E7A4F7556}") = "Cli", "Cli\Cli.csproj", "{816AB0B0-DE13-48A9-B98C-2CA12D4EAB50}"
EndProject
Global
	GlobalSection(SolutionConfigurationPlatforms) = preSolution
		Debug|Any CPU = Debug|Any CPU
		Release|Any CPU = Release|Any CPU
	EndGlobalSection
	GlobalSection(ProjectConfigurationPlatforms) = postSolution
		{743BFCA6-5681-4B1E-B58A-F59742B88A4C}.Debug|Any CPU.ActiveCfg = Debug|Any CPU
		{743BFCA6-5681-4B1E-B58A-F59742B88A4C}.Debug|Any CPU.Build.0 = Debug|Any CPU
		{743BFCA6-5681-4B1E-B58A-F59742B88A4C}.Release|Any CPU.ActiveCfg = Release|Any CPU
		{743BFCA6-5681-4B1E-B58A-F59742B88A4C}.Release|Any CPU.Build.0 = Release|Any CPU
		{816AB0B0-DE13-48A9-B98C-2CA12D4EAB50}.Debug|Any CPU.ActiveCfg = Debug|Any CPU
		{816AB0B0-DE13-48A9-B98C-2CA12D4EAB50}.Debug|Any CPU.Build.0 = Debug|Any CPU
		{816AB0B0-DE13-48A9-B98C-2CA12D4EAB50}.Release|Any CPU.ActiveCfg = Release|Any CPU
		{816AB0B0-DE13-48A9-B98C-2CA12D4EAB50}.Release|Any CPU.Build.0 = Release|Any CPU
	EndGlobalSection
	GlobalSection(SolutionProperties) = preSolution
		HideSolutionNode = FALSE
	EndGlobalSection
	GlobalSection(ExtensibilityGlobals) = postSolution
		SolutionGuid = {DD98E956-D088-48BE-B904-519CD871A7D3}
	EndGlobalSection
EndGlobal
